
Microsoft Visual Studio Solution File, Format Version 12.00
# Visual Studio Version 16
VisualStudioVersion = 25.0.1706.8
MinimumVisualStudioVersion = 10.0.40219.1
Project("{FAE04EC0-301F-11D3-BF4B-00C04F79EFBC}") = "Money Tracking", "Money Tracking\Money Tracking.csproj", "{C613D229-7106-42C3-8E77-424654941070}"
EndProject
Global
	GlobalSection(SolutionConfigurationPlatforms) = preSolution
		Debug|Any CPU = Debug|Any CPU
		Release|Any CPU = Release|Any CPU
	EndGlobalSection
	GlobalSection(ProjectConfigurationPlatforms) = postSolution
		{C613D229-7106-42C3-8E77-424654941070}.Debug|Any CPU.ActiveCfg = Debug|Any CPU
		{C613D229-7106-42C3-8E77-424654941070}.Debug|Any CPU.Build.0 = Debug|Any CPU
		{C613D229-7106-42C3-8E77-424654941070}.Release|Any CPU.ActiveCfg = Release|Any CPU
		{C613D229-7106-42C3-8E77-424654941070}.Release|Any CPU.Build.0 = Release|Any CPU
	EndGlobalSection
	GlobalSection(SolutionProperties) = preSolution
		HideSolutionNode = FALSE
	EndGlobalSection
	GlobalSection(ExtensibilityGlobals) = postSolution
		SolutionGuid = {0CF5E12B-DFD5-485A-B7FB-7D55E313D689}
	EndGlobalSection
EndGlobal
